
Microsoft Visual Studio Solution File, Format Version 12.00
# Visual Studio Version 17
VisualStudioVersion = 17.0.32014.148
MinimumVisualStudioVersion = 10.0.40219.1
Project("{9A19103F-16F7-4668-BE54-9A1E7A4F7556}") = "GBUtils", "GBUtils\GBUtils.csproj", "{122D5555-5CB8-4726-BF5F-9401AB43EF9A}"
EndProject
Project("{9A19103F-16F7-4668-BE54-9A1E7A4F7556}") = "GBUtils.Test", "GBUtils.Test\GBUtils.Test.csproj", "{444807C6-4540-4BD9-9966-308D0866E73E}"
EndProject
Project("{2150E333-8FDC-42A3-9474-1A3956D46DE8}") = "Files", "Files", "{E733CE0B-25E4-42B3-9077-15BCC57CECE5}"
	ProjectSection(SolutionItems) = preProject
		.gitignore = .gitignore
		azure-pipelines.yml = azure-pipelines.yml
		CodeMaid.config = CodeMaid.config
		GBUtils\GbUtils.nuspec = GBUtils\GbUtils.nuspec
		LICENSE = LICENSE
		README.md = README.md
		xUnitFactArrangeActAssert.snippet = xUnitFactArrangeActAssert.snippet
	EndProjectSection
EndProject
Global
	GlobalSection(SolutionConfigurationPlatforms) = preSolution
		Debug|Any CPU = Debug|Any CPU
		Release|Any CPU = Release|Any CPU
	EndGlobalSection
	GlobalSection(ProjectConfigurationPlatforms) = postSolution
		{122D5555-5CB8-4726-BF5F-9401AB43EF9A}.Debug|Any CPU.ActiveCfg = Debug|Any CPU
		{122D5555-5CB8-4726-BF5F-9401AB43EF9A}.Debug|Any CPU.Build.0 = Debug|Any CPU
		{122D5555-5CB8-4726-BF5F-9401AB43EF9A}.Release|Any CPU.ActiveCfg = Release|Any CPU
		{122D5555-5CB8-4726-BF5F-9401AB43EF9A}.Release|Any CPU.Build.0 = Release|Any CPU
		{444807C6-4540-4BD9-9966-308D0866E73E}.Debug|Any CPU.ActiveCfg = Debug|Any CPU
		{444807C6-4540-4BD9-9966-308D0866E73E}.Debug|Any CPU.Build.0 = Debug|Any CPU
		{444807C6-4540-4BD9-9966-308D0866E73E}.Release|Any CPU.ActiveCfg = Release|Any CPU
		{444807C6-4540-4BD9-9966-308D0866E73E}.Release|Any CPU.Build.0 = Release|Any CPU
	EndGlobalSection
	GlobalSection(SolutionProperties) = preSolution
		HideSolutionNode = FALSE
	EndGlobalSection
	GlobalSection(ExtensibilityGlobals) = postSolution
		SolutionGuid = {D53907C9-305B-4D2F-AED5-DF13AE305049}
	EndGlobalSection
EndGlobal
