
Microsoft Visual Studio Solution File, Format Version 12.00
# Visual Studio 2012
Project("{FAE04EC0-301F-11D3-BF4B-00C04F79EFBC}") = "GBUtils", "GBUtils\GBUtils.csproj", "{6D5F367E-9FA5-48F8-9004-1EAC53581B60}"
EndProject
Project("{FAE04EC0-301F-11D3-BF4B-00C04F79EFBC}") = "GBUtils.Test", "GBUtils.Test\GBUtils.Test.csproj", "{40D72A7A-1C82-4DD4-8E98-1ABBE07DEC90}"
EndProject
Project("{2150E333-8FDC-42A3-9474-1A3956D46DE8}") = "Libs", "Libs", "{558EB163-24C7-499B-B0DC-74F9413763B4}"
	ProjectSection(SolutionItems) = preProject
		Libs\ICSharpCode.SharpZipLib.dll = Libs\ICSharpCode.SharpZipLib.dll
	EndProjectSection
EndProject
Global
	GlobalSection(SolutionConfigurationPlatforms) = preSolution
		Debug|Any CPU = Debug|Any CPU
		Release|Any CPU = Release|Any CPU
	EndGlobalSection
	GlobalSection(ProjectConfigurationPlatforms) = postSolution
		{6D5F367E-9FA5-48F8-9004-1EAC53581B60}.Debug|Any CPU.ActiveCfg = Debug|Any CPU
		{6D5F367E-9FA5-48F8-9004-1EAC53581B60}.Debug|Any CPU.Build.0 = Debug|Any CPU
		{6D5F367E-9FA5-48F8-9004-1EAC53581B60}.Release|Any CPU.ActiveCfg = Release|Any CPU
		{6D5F367E-9FA5-48F8-9004-1EAC53581B60}.Release|Any CPU.Build.0 = Release|Any CPU
		{40D72A7A-1C82-4DD4-8E98-1ABBE07DEC90}.Debug|Any CPU.ActiveCfg = Debug|Any CPU
		{40D72A7A-1C82-4DD4-8E98-1ABBE07DEC90}.Debug|Any CPU.Build.0 = Debug|Any CPU
		{40D72A7A-1C82-4DD4-8E98-1ABBE07DEC90}.Release|Any CPU.ActiveCfg = Release|Any CPU
		{40D72A7A-1C82-4DD4-8E98-1ABBE07DEC90}.Release|Any CPU.Build.0 = Release|Any CPU
	EndGlobalSection
	GlobalSection(SolutionProperties) = preSolution
		HideSolutionNode = FALSE
	EndGlobalSection
EndGlobal
